
Microsoft Visual Studio Solution File, Format Version 12.00
# Visual Studio Version 16
VisualStudioVersion = 16.0.32126.315
MinimumVisualStudioVersion = 10.0.40219.1
Project("{FAE04EC0-301F-11D3-BF4B-00C04F79EFBC}") = "md2m3u", "md2m3u.csproj", "{FD61FFD8-9E8C-4C5C-9406-F0E04463EA12}"
EndProject
Global
	GlobalSection(SolutionConfigurationPlatforms) = preSolution
		Debug|Any CPU = Debug|Any CPU
		Release|Any CPU = Release|Any CPU
	EndGlobalSection
	GlobalSection(ProjectConfigurationPlatforms) = postSolution
		{FD61FFD8-9E8C-4C5C-9406-F0E04463EA12}.Debug|Any CPU.ActiveCfg = Debug|Any CPU
		{FD61FFD8-9E8C-4C5C-9406-F0E04463EA12}.Debug|Any CPU.Build.0 = Debug|Any CPU
		{FD61FFD8-9E8C-4C5C-9406-F0E04463EA12}.Release|Any CPU.ActiveCfg = Release|Any CPU
		{FD61FFD8-9E8C-4C5C-9406-F0E04463EA12}.Release|Any CPU.Build.0 = Release|Any CPU
	EndGlobalSection
	GlobalSection(SolutionProperties) = preSolution
		HideSolutionNode = FALSE
	EndGlobalSection
	GlobalSection(ExtensibilityGlobals) = postSolution
		SolutionGuid = {1AD7958D-B2B2-4A97-B9CD-BE0F43B389B6}
	EndGlobalSection
EndGlobal
